PODS:
  - Alamofire (4.8.2)
  - AlamofireImage (3.5.2):
    - Alamofire (~> 4.8)

DEPENDENCIES:
  - Alamofire (~> 4.4)
  - AlamofireImage (~> 3.5)

SPEC REPOS:
  https://github.com/cocoapods/specs.git:
    - Alamofire
    - AlamofireImage

SPEC CHECKSUMS:
  Alamofire: ae5c501addb7afdbb13687d7f2f722c78734c2d3
  AlamofireImage: 63cfe3baf1370be6c498149687cf6db3e3b00999

PODFILE CHECKSUM: 689c2f8336cbbb36d1f98488cfc6a55e4690252f

COCOAPODS: 1.6.1
